
Microsoft Visual Studio Solution File, Format Version 12.00
# Visual Studio 2012
Project("{FAE04EC0-301F-11D3-BF4B-00C04F79EFBC}") = "RaceGame", "RaceGame\RaceGame.csproj", "{D29DC05A-C11A-4847-AB1E-5C934D5E2474}"
EndProject
Project("{FAE04EC0-301F-11D3-BF4B-00C04F79EFBC}") = "CarTests", "CarTests\CarTests.csproj", "{891BCD77-366C-4170-BA7B-72453546CBBA}"
EndProject
Global
	GlobalSection(SolutionConfigurationPlatforms) = preSolution
		Debug|Any CPU = Debug|Any CPU
		Debug|Mixed Platforms = Debug|Mixed Platforms
		Debug|x86 = Debug|x86
		Release|Any CPU = Release|Any CPU
		Release|Mixed Platforms = Release|Mixed Platforms
		Release|x86 = Release|x86
	EndGlobalSection
	GlobalSection(ProjectConfigurationPlatforms) = postSolution
		{D29DC05A-C11A-4847-AB1E-5C934D5E2474}.Debug|Any CPU.ActiveCfg = Debug|x86
		{D29DC05A-C11A-4847-AB1E-5C934D5E2474}.Debug|Mixed Platforms.ActiveCfg = Debug|x86
		{D29DC05A-C11A-4847-AB1E-5C934D5E2474}.Debug|Mixed Platforms.Build.0 = Debug|x86
		{D29DC05A-C11A-4847-AB1E-5C934D5E2474}.Debug|x86.ActiveCfg = Debug|x86
		{D29DC05A-C11A-4847-AB1E-5C934D5E2474}.Debug|x86.Build.0 = Debug|x86
		{D29DC05A-C11A-4847-AB1E-5C934D5E2474}.Release|Any CPU.ActiveCfg = Release|x86
		{D29DC05A-C11A-4847-AB1E-5C934D5E2474}.Release|Mixed Platforms.ActiveCfg = Release|x86
		{D29DC05A-C11A-4847-AB1E-5C934D5E2474}.Release|Mixed Platforms.Build.0 = Release|x86
		{D29DC05A-C11A-4847-AB1E-5C934D5E2474}.Release|x86.ActiveCfg = Release|x86
		{D29DC05A-C11A-4847-AB1E-5C934D5E2474}.Release|x86.Build.0 = Release|x86
		{891BCD77-366C-4170-BA7B-72453546CBBA}.Debug|Any CPU.ActiveCfg = Debug|Any CPU
		{891BCD77-366C-4170-BA7B-72453546CBBA}.Debug|Any CPU.Build.0 = Debug|Any CPU
		{891BCD77-366C-4170-BA7B-72453546CBBA}.Debug|Mixed Platforms.ActiveCfg = Debug|Any CPU
		{891BCD77-366C-4170-BA7B-72453546CBBA}.Debug|Mixed Platforms.Build.0 = Debug|Any CPU
		{891BCD77-366C-4170-BA7B-72453546CBBA}.Debug|x86.ActiveCfg = Debug|Any CPU
		{891BCD77-366C-4170-BA7B-72453546CBBA}.Release|Any CPU.ActiveCfg = Release|Any CPU
		{891BCD77-366C-4170-BA7B-72453546CBBA}.Release|Any CPU.Build.0 = Release|Any CPU
		{891BCD77-366C-4170-BA7B-72453546CBBA}.Release|Mixed Platforms.ActiveCfg = Release|Any CPU
		{891BCD77-366C-4170-BA7B-72453546CBBA}.Release|Mixed Platforms.Build.0 = Release|Any CPU
		{891BCD77-366C-4170-BA7B-72453546CBBA}.Release|x86.ActiveCfg = Release|Any CPU
	EndGlobalSection
	GlobalSection(SolutionProperties) = preSolution
		HideSolutionNode = FALSE
	EndGlobalSection
EndGlobal
