
Microsoft Visual Studio Solution File, Format Version 11.00
# Visual Studio 2010
Project("{FAE04EC0-301F-11D3-BF4B-00C04F79EFBC}") = "RaceGame", "RaceGame\RaceGame\RaceGame.csproj", "{6B4C05DC-F501-439C-A3BB-749F90E1B000}"
EndProject
Project("{96E2B04D-8817-42C6-938A-82C39BA4D311}") = "RaceGameContent", "RaceGame\RaceGameContent\RaceGameContent.contentproj", "{6B0DD5E4-7610-4AAC-9E31-3D9BEA6982EF}"
EndProject
Project("{FAE04EC0-301F-11D3-BF4B-00C04F79EFBC}") = "RaceGame_Tests", "RaceGame_Tests\RaceGame_Tests.csproj", "{1ADB73EF-6656-4E3E-922F-97DA0A7C6134}"
EndProject
Global
	GlobalSection(SolutionConfigurationPlatforms) = preSolution
		Debug|Any CPU = Debug|Any CPU
		Debug|Mixed Platforms = Debug|Mixed Platforms
		Debug|x86 = Debug|x86
		Release|Any CPU = Release|Any CPU
		Release|Mixed Platforms = Release|Mixed Platforms
		Release|x86 = Release|x86
	EndGlobalSection
	GlobalSection(ProjectConfigurationPlatforms) = postSolution
		{6B4C05DC-F501-439C-A3BB-749F90E1B000}.Debug|Any CPU.ActiveCfg = Debug|x86
		{6B4C05DC-F501-439C-A3BB-749F90E1B000}.Debug|Mixed Platforms.ActiveCfg = Debug|x86
		{6B4C05DC-F501-439C-A3BB-749F90E1B000}.Debug|Mixed Platforms.Build.0 = Debug|x86
		{6B4C05DC-F501-439C-A3BB-749F90E1B000}.Debug|x86.ActiveCfg = Debug|x86
		{6B4C05DC-F501-439C-A3BB-749F90E1B000}.Debug|x86.Build.0 = Debug|x86
		{6B4C05DC-F501-439C-A3BB-749F90E1B000}.Release|Any CPU.ActiveCfg = Release|x86
		{6B4C05DC-F501-439C-A3BB-749F90E1B000}.Release|Mixed Platforms.ActiveCfg = Release|x86
		{6B4C05DC-F501-439C-A3BB-749F90E1B000}.Release|Mixed Platforms.Build.0 = Release|x86
		{6B4C05DC-F501-439C-A3BB-749F90E1B000}.Release|x86.ActiveCfg = Release|x86
		{6B4C05DC-F501-439C-A3BB-749F90E1B000}.Release|x86.Build.0 = Release|x86
		{6B0DD5E4-7610-4AAC-9E31-3D9BEA6982EF}.Debug|Any CPU.ActiveCfg = Debug|x86
		{6B0DD5E4-7610-4AAC-9E31-3D9BEA6982EF}.Debug|Mixed Platforms.ActiveCfg = Debug|x86
		{6B0DD5E4-7610-4AAC-9E31-3D9BEA6982EF}.Debug|x86.ActiveCfg = Debug|x86
		{6B0DD5E4-7610-4AAC-9E31-3D9BEA6982EF}.Release|Any CPU.ActiveCfg = Release|x86
		{6B0DD5E4-7610-4AAC-9E31-3D9BEA6982EF}.Release|Mixed Platforms.ActiveCfg = Release|x86
		{6B0DD5E4-7610-4AAC-9E31-3D9BEA6982EF}.Release|x86.ActiveCfg = Release|x86
		{1ADB73EF-6656-4E3E-922F-97DA0A7C6134}.Debug|Any CPU.ActiveCfg = Debug|Any CPU
		{1ADB73EF-6656-4E3E-922F-97DA0A7C6134}.Debug|Any CPU.Build.0 = Debug|Any CPU
		{1ADB73EF-6656-4E3E-922F-97DA0A7C6134}.Debug|Mixed Platforms.ActiveCfg = Debug|Any CPU
		{1ADB73EF-6656-4E3E-922F-97DA0A7C6134}.Debug|Mixed Platforms.Build.0 = Debug|Any CPU
		{1ADB73EF-6656-4E3E-922F-97DA0A7C6134}.Debug|x86.ActiveCfg = Debug|Any CPU
		{1ADB73EF-6656-4E3E-922F-97DA0A7C6134}.Release|Any CPU.ActiveCfg = Release|Any CPU
		{1ADB73EF-6656-4E3E-922F-97DA0A7C6134}.Release|Any CPU.Build.0 = Release|Any CPU
		{1ADB73EF-6656-4E3E-922F-97DA0A7C6134}.Release|Mixed Platforms.ActiveCfg = Release|Any CPU
		{1ADB73EF-6656-4E3E-922F-97DA0A7C6134}.Release|Mixed Platforms.Build.0 = Release|Any CPU
		{1ADB73EF-6656-4E3E-922F-97DA0A7C6134}.Release|x86.ActiveCfg = Release|Any CPU
	EndGlobalSection
	GlobalSection(SolutionProperties) = preSolution
		HideSolutionNode = FALSE
	EndGlobalSection
EndGlobal
